// !$*UTF8*$!
{
	archiveVersion = 1;
	classes = {
	};
	objectVersion = 46;
	objects = {

/* Begin PBXBuildFile section */
		AB335FD71A7AC7C500195D84 /* AppDelegate.swift in Sources */ = {isa = PBXBuildFile; fileRef = AB335FD61A7AC7C500195D84 /* AppDelegate.swift */; };
		AB335FDA1A7AC7C500195D84 /* asfsagasg.xcdatamodeld in Sources */ = {isa = PBXBuildFile; fileRef = AB335FD81A7AC7C500195D84 /* asfsagasg.xcdatamodeld */; };
		AB335FDC1A7AC7C500195D84 /* MasterViewController.swift in Sources */ = {isa = PBXBuildFile; fileRef = AB335FDB1A7AC7C500195D84 /* MasterViewController.swift */; };
		AB335FDE1A7AC7C500195D84 /* DetailViewController.swift in Sources */ = {isa = PBXBuildFile; fileRef = AB335FDD1A7AC7C500195D84 /* DetailViewController.swift */; };
		AB335FE11A7AC7C500195D84 /* Main.storyboard in Resources */ = {isa = PBXBuildFile; fileRef = AB335FDF1A7AC7C500195D84 /* Main.storyboard */; };
		AB335FE31A7AC7C500195D84 /* Images.xcassets in Resources */ = {isa = PBXBuildFile; fileRef = AB335FE21A7AC7C500195D84 /* Images.xcassets */; };
		AB335FE61A7AC7C500195D84 /* LaunchScreen.xib in Resources */ = {isa = PBXBuildFile; fileRef = AB335FE41A7AC7C500195D84 /* LaunchScreen.xib */; };
		AB335FF21A7AC7C600195D84 /* asfsagasgTests.swift in Sources */ = {isa = PBXBuildFile; fileRef = AB335FF11A7AC7C600195D84 /* asfsagasgTests.swift */; };
/* End PBXBuildFile section */

/* Begin PBXContainerItemProxy section */
		AB335FEC1A7AC7C500195D84 /* PBXContainerItemProxy */ = {
			isa = PBXContainerItemProxy;
			containerPortal = AB335FC91A7AC7C500195D84 /* Project object */;
			proxyType = 1;
			remoteGlobalIDString = AB335FD01A7AC7C500195D84;
			remoteInfo = asfsagasg;
		};
/* End PBXContainerItemProxy section */

/* Begin PBXFileReference section */
		AB335FD11A7AC7C500195D84 /* asfsagasg.app */ = {isa = PBXFileReference; explicitFileType = wrapper.application; includeInIndex = 0; path = asfsagasg.app; sourceTree = BUILT_PRODUCTS_DIR; };
		AB335FD51A7AC7C500195D84 /* Info.plist */ = {isa = PBXFileReference; lastKnownFileType = text.plist.xml; path = Info.plist; sourceTree = "<group>"; };
		AB335FD61A7AC7C500195D84 /* AppDelegate.swift */ = {isa = PBXFileReference; lastKnownFileType = sourcecode.swift; path = AppDelegate.swift; sourceTree = "<group>"; };
		AB335FD91A7AC7C500195D84 /* asfsagasg.xcdatamodel */ = {isa = PBXFileReference; lastKnownFileType = wrapper.xcdatamodel; path = asfsagasg.xcdatamodel; sourceTree = "<group>"; };
		AB335FDB1A7AC7C500195D84 /* MasterViewController.swift */ = {isa = PBXFileReference; lastKnownFileType = sourcecode.swift; path = MasterViewController.swift; sourceTree = "<group>"; };
		AB335FDD1A7AC7C500195D84 /* DetailViewController.swift */ = {isa = PBXFileReference; lastKnownFileType = sourcecode.swift; path = DetailViewController.swift; sourceTree = "<group>"; };
		AB335FE01A7AC7C500195D84 /* Base */ = {isa = PBXFileReference; lastKnownFileType = file.storyboard; name = Base; path = Base.lproj/Main.storyboard; sourceTree = "<group>"; };
		AB335FE21A7AC7C500195D84 /* Images.xcassets */ = {isa = PBXFileReference; lastKnownFileType = folder.assetcatalog; path = Images.xcassets; sourceTree = "<group>"; };
		AB335FE51A7AC7C500195D84 /* Base */ = {isa = PBXFileReference; lastKnownFileType = file.xib; name = Base; path = Base.lproj/LaunchScreen.xib; sourceTree = "<group>"; };
		AB335FEB1A7AC7C500195D84 /* asfsagasgTests.xctest */ = {isa = PBXFileReference; explicitFileType = wrapper.cfbundle; includeInIndex = 0; path = asfsagasgTests.xctest; sourceTree = BUILT_PRODUCTS_DIR; };
		AB335FF01A7AC7C600195D84 /* Info.plist */ = {isa = PBXFileReference; lastKnownFileType = text.plist.xml; path = Info.plist; sourceTree = "<group>"; };
		AB335FF11A7AC7C600195D84 /* asfsagasgTests.swift */ = {isa = PBXFileReference; lastKnownFileType = sourcecode.swift; path = asfsagasgTests.swift; sourceTree = "<group>"; };
/* End PBXFileReference section */

/* Begin PBXFrameworksBuildPhase section */
		AB335FCE1A7AC7C500195D84 /* Frameworks */ = {
			isa = PBXFrameworksBuildPhase;
			buildActionMask = 2147483647;
			files = (
			);
			runOnlyForDeploymentPostprocessing = 0;
		};
		AB335FE81A7AC7C500195D84 /* Frameworks */ = {
			isa = PBXFrameworksBuildPhase;
			buildActionMask = 2147483647;
			files = (
			);
			runOnlyForDeploymentPostprocessing = 0;
		};
/* End PBXFrameworksBuildPhase section */

/* Begin PBXGroup section */
		AB335FC81A7AC7C500195D84 = {
			isa = PBXGroup;
			children = (
				AB335FD31A7AC7C500195D84 /* asfsagasg */,
				AB335FEE1A7AC7C600195D84 /* asfsagasgTests */,
				AB335FD21A7AC7C500195D84 /* Products */,
			);
			sourceTree = "<group>";
		};
		AB335FD21A7AC7C500195D84 /* Products */ = {
			isa = PBXGroup;
			children = (
				AB335FD11A7AC7C500195D84 /* asfsagasg.app */,
				AB335FEB1A7AC7C500195D84 /* asfsagasgTests.xctest */,
			);
			name = Products;
			sourceTree = "<group>";
		};
		AB335FD31A7AC7C500195D84 /* asfsagasg */ = {
			isa = PBXGroup;
			children = (
				AB335FD61A7AC7C500195D84 /* AppDelegate.swift */,
				AB335FDB1A7AC7C500195D84 /* MasterViewController.swift */,
				AB335FDD1A7AC7C500195D84 /* DetailViewController.swift */,
				AB335FDF1A7AC7C500195D84 /* Main.storyboard */,
				AB335FE21A7AC7C500195D84 /* Images.xcassets */,
				AB335FE41A7AC7C500195D84 /* LaunchScreen.xib */,
				AB335FD81A7AC7C500195D84 /* asfsagasg.xcdatamodeld */,
				AB335FD41A7AC7C500195D84 /* Supporting Files */,
			);
			path = asfsagasg;
			sourceTree = "<group>";
		};
		AB335FD41A7AC7C500195D84 /* Supporting Files */ = {
			isa = PBXGroup;
			children = (
				AB335FD51A7AC7C500195D84 /* Info.plist */,
			);
			name = "Supporting Files";
			sourceTree = "<group>";
		};
		AB335FEE1A7AC7C600195D84 /* asfsagasgTests */ = {
			isa = PBXGroup;
			children = (
				AB335FF11A7AC7C600195D84 /* asfsagasgTests.swift */,
				AB335FEF1A7AC7C600195D84 /* Supporting Files */,
			);
			path = asfsagasgTests;
			sourceTree = "<group>";
		};
		AB335FEF1A7AC7C600195D84 /* Supporting Files */ = {
			isa = PBXGroup;
			children = (
				AB335FF01A7AC7C600195D84 /* Info.plist */,
			);
			name = "Supporting Files";
			sourceTree = "<group>";
		};
/* End PBXGroup section */

/* Begin PBXNativeTarget section */
		AB335FD01A7AC7C500195D84 /* asfsagasg */ = {
			isa = PBXNativeTarget;
			buildConfigurationList = AB335FF51A7AC7C600195D84 /* Build configuration list for PBXNativeTarget "asfsagasg" */;
			buildPhases = (
				AB335FCD1A7AC7C500195D84 /* Sources */,
				AB335FCE1A7AC7C500195D84 /* Frameworks */,
				AB335FCF1A7AC7C500195D84 /* Resources */,
			);
			buildRules = (
			);
			dependencies = (
			);
			name = asfsagasg;
			productName = asfsagasg;
			productReference = AB335FD11A7AC7C500195D84 /* asfsagasg.app */;
			productType = "com.apple.product-type.application";
		};
		AB335FEA1A7AC7C500195D84 /* asfsagasgTests */ = {
			isa = PBXNativeTarget;
			buildConfigurationList = AB335FF81A7AC7C600195D84 /* Build configuration list for PBXNativeTarget "asfsagasgTests" */;
			buildPhases = (
				AB335FE71A7AC7C500195D84 /* Sources */,
				AB335FE81A7AC7C500195D84 /* Frameworks */,
				AB335FE91A7AC7C500195D84 /* Resources */,
			);
			buildRules = (
			);
			dependencies = (
				AB335FED1A7AC7C500195D84 /* PBXTargetDependency */,
			);
			name = asfsagasgTests;
			productName = asfsagasgTests;
			productReference = AB335FEB1A7AC7C500195D84 /* asfsagasgTests.xctest */;
			productType = "com.apple.product-type.bundle.unit-test";
		};
/* End PBXNativeTarget section */

/* Begin PBXProject section */
		AB335FC91A7AC7C500195D84 /* Project object */ = {
			isa = PBXProject;
			attributes = {
				LastUpgradeCheck = 0610;
				ORGANIZATIONNAME = "Jonathan Jungck and Anthony Minardo";
				TargetAttributes = {
					AB335FD01A7AC7C500195D84 = {
						CreatedOnToolsVersion = 6.1.1;
					};
					AB335FEA1A7AC7C500195D84 = {
						CreatedOnToolsVersion = 6.1.1;
						TestTargetID = AB335FD01A7AC7C500195D84;
					};
				};
			};
			buildConfigurationList = AB335FCC1A7AC7C500195D84 /* Build configuration list for PBXProject "asfsagasg" */;
			compatibilityVersion = "Xcode 3.2";
			developmentRegion = English;
			hasScannedForEncodings = 0;
			knownRegions = (
				en,
				Base,
			);
			mainGroup = AB335FC81A7AC7C500195D84;
			productRefGroup = AB335FD21A7AC7C500195D84 /* Products */;
			projectDirPath = "";
			projectRoot = "";
			targets = (
				AB335FD01A7AC7C500195D84 /* asfsagasg */,
				AB335FEA1A7AC7C500195D84 /* asfsagasgTests */,
			);
		};
/* End PBXProject section */

/* Begin PBXResourcesBuildPhase section */
		AB335FCF1A7AC7C500195D84 /* Resources */ = {
			isa = PBXResourcesBuildPhase;
			buildActionMask = 2147483647;
			files = (
				AB335FE11A7AC7C500195D84 /* Main.storyboard in Resources */,
				AB335FE61A7AC7C500195D84 /* LaunchScreen.xib in Resources */,
				AB335FE31A7AC7C500195D84 /* Images.xcassets in Resources */,
			);
			runOnlyForDeploymentPostprocessing = 0;
		};
		AB335FE91A7AC7C500195D84 /* Resources */ = {
			isa = PBXResourcesBuildPhase;
			buildActionMask = 2147483647;
			files = (
			);
			runOnlyForDeploymentPostprocessing = 0;
		};
/* End PBXResourcesBuildPhase section */

/* Begin PBXSourcesBuildPhase section */
		AB335FCD1A7AC7C500195D84 /* Sources */ = {
			isa = PBXSourcesBuildPhase;
			buildActionMask = 2147483647;
			files = (
				AB335FDA1A7AC7C500195D84 /* asfsagasg.xcdatamodeld in Sources */,
				AB335FD71A7AC7C500195D84 /* AppDelegate.swift in Sources */,
				AB335FDC1A7AC7C500195D84 /* MasterViewController.swift in Sources */,
				AB335FDE1A7AC7C500195D84 /* DetailViewController.swift in Sources */,
			);
			runOnlyForDeploymentPostprocessing = 0;
		};
		AB335FE71A7AC7C500195D84 /* Sources */ = {
			isa = PBXSourcesBuildPhase;
			buildActionMask = 2147483647;
			files = (
				AB335FF21A7AC7C600195D84 /* asfsagasgTests.swift in Sources */,
			);
			runOnlyForDeploymentPostprocessing = 0;
		};
/* End PBXSourcesBuildPhase section */

/* Begin PBXTargetDependency section */
		AB335FED1A7AC7C500195D84 /* PBXTargetDependency */ = {
			isa = PBXTargetDependency;
			target = AB335FD01A7AC7C500195D84 /* asfsagasg */;
			targetProxy = AB335FEC1A7AC7C500195D84 /* PBXContainerItemProxy */;
		};
/* End PBXTargetDependency section */

/* Begin PBXVariantGroup section */
		AB335FDF1A7AC7C500195D84 /* Main.storyboard */ = {
			isa = PBXVariantGroup;
			children = (
				AB335FE01A7AC7C500195D84 /* Base */,
			);
			name = Main.storyboard;
			sourceTree = "<group>";
		};
		AB335FE41A7AC7C500195D84 /* LaunchScreen.xib */ = {
			isa = PBXVariantGroup;
			children = (
				AB335FE51A7AC7C500195D84 /* Base */,
			);
			name = LaunchScreen.xib;
			sourceTree = "<group>";
		};
/* End PBXVariantGroup section */

/* Begin XCBuildConfiguration section */
		AB335FF31A7AC7C600195D84 /* Debug */ = {
			isa = XCBuildConfiguration;
			buildSettings = {
				ALWAYS_SEARCH_USER_PATHS = NO;
				CLANG_CXX_LANGUAGE_STANDARD = "gnu++0x";
				CLANG_CXX_LIBRARY = "libc++";
				CLANG_ENABLE_MODULES = YES;
				CLANG_ENABLE_OBJC_ARC = YES;
				CLANG_WARN_BOOL_CONVERSION = YES;
				CLANG_WARN_CONSTANT_CONVERSION = YES;
				CLANG_WARN_DIRECT_OBJC_ISA_USAGE = YES_ERROR;
				CLANG_WARN_EMPTY_BODY = YES;
				CLANG_WARN_ENUM_CONVERSION = YES;
				CLANG_WARN_INT_CONVERSION = YES;
				CLANG_WARN_OBJC_ROOT_CLASS = YES_ERROR;
				CLANG_WARN_UNREACHABLE_CODE = YES;
				CLANG_WARN__DUPLICATE_METHOD_MATCH = YES;
				"CODE_SIGN_IDENTITY[sdk=iphoneos*]" = "iPhone Developer";
				COPY_PHASE_STRIP = NO;
				ENABLE_STRICT_OBJC_MSGSEND = YES;
				GCC_C_LANGUAGE_STANDARD = gnu99;
				GCC_DYNAMIC_NO_PIC = NO;
				GCC_OPTIMIZATION_LEVEL = 0;
				GCC_PREPROCESSOR_DEFINITIONS = (
					"DEBUG=1",
					"$(inherited)",
				);
				GCC_SYMBOLS_PRIVATE_EXTERN = NO;
				GCC_WARN_64_TO_32_BIT_CONVERSION = YES;
				GCC_WARN_ABOUT_RETURN_TYPE = YES_ERROR;
				GCC_WARN_UNDECLARED_SELECTOR = YES;
				GCC_WARN_UNINITIALIZED_AUTOS = YES_AGGRESSIVE;
				GCC_WARN_UNUSED_FUNCTION = YES;
				GCC_WARN_UNUSED_VARIABLE = YES;
				IPHONEOS_DEPLOYMENT_TARGET = 8.1;
				MTL_ENABLE_DEBUG_INFO = YES;
				ONLY_ACTIVE_ARCH = YES;
				SDKROOT = iphoneos;
				SWIFT_OPTIMIZATION_LEVEL = "-Onone";
				TARGETED_DEVICE_FAMILY = "1,2";
			};
			name = Debug;
		};
		AB335FF41A7AC7C600195D84 /* Release */ = {
			isa = XCBuildConfiguration;
			buildSettings = {
				ALWAYS_SEARCH_USER_PATHS = NO;
				CLANG_CXX_LANGUAGE_STANDARD = "gnu++0x";
				CLANG_CXX_LIBRARY = "libc++";
				CLANG_ENABLE_MODULES = YES;
				CLANG_ENABLE_OBJC_ARC = YES;
				CLANG_WARN_BOOL_CONVERSION = YES;
				CLANG_WARN_CONSTANT_CONVERSION = YES;
				CLANG_WARN_DIRECT_OBJC_ISA_USAGE = YES_ERROR;
				CLANG_WARN_EMPTY_BODY = YES;
				CLANG_WARN_ENUM_CONVERSION = YES;
				CLANG_WARN_INT_CONVERSION = YES;
				CLANG_WARN_OBJC_ROOT_CLASS = YES_ERROR;
				CLANG_WARN_UNREACHABLE_CODE = YES;
				CLANG_WARN__DUPLICATE_METHOD_MATCH = YES;
				"CODE_SIGN_IDENTITY[sdk=iphoneos*]" = "iPhone Developer";
				COPY_PHASE_STRIP = YES;
				ENABLE_NS_ASSERTIONS = NO;
				ENABLE_STRICT_OBJC_MSGSEND = YES;
				GCC_C_LANGUAGE_STANDARD = gnu99;
				GCC_WARN_64_TO_32_BIT_CONVERSION = YES;
				GCC_WARN_ABOUT_RETURN_TYPE = YES_ERROR;
				GCC_WARN_UNDECLARED_SELECTOR = YES;
				GCC_WARN_UNINITIALIZED_AUTOS = YES_AGGRESSIVE;
				GCC_WARN_UNUSED_FUNCTION = YES;
				GCC_WARN_UNUSED_VARIABLE = YES;
				IPHONEOS_DEPLOYMENT_TARGET = 8.1;
				MTL_ENABLE_DEBUG_INFO = NO;
				SDKROOT = iphoneos;
				TARGETED_DEVICE_FAMILY = "1,2";
				VALIDATE_PRODUCT = YES;
			};
			name = Release;
		};
		AB335FF61A7AC7C600195D84 /* Debug */ = {
			isa = XCBuildConfiguration;
			buildSettings = {
				ASSETCATALOG_COMPILER_APPICON_NAME = AppIcon;
				INFOPLIST_FILE = asfsagasg/Info.plist;
				LD_RUNPATH_SEARCH_PATHS = "$(inherited) @executable_path/Frameworks";
				PRODUCT_NAME = "$(TARGET_NAME)";
			};
			name = Debug;
		};
		AB335FF71A7AC7C600195D84 /* Release */ = {
			isa = XCBuildConfiguration;
			buildSettings = {
				ASSETCATALOG_COMPILER_APPICON_NAME = AppIcon;
				INFOPLIST_FILE = asfsagasg/Info.plist;
				LD_RUNPATH_SEARCH_PATHS = "$(inherited) @executable_path/Frameworks";
				PRODUCT_NAME = "$(TARGET_NAME)";
			};
			name = Release;
		};
		AB335FF91A7AC7C600195D84 /* Debug */ = {
			isa = XCBuildConfiguration;
			buildSettings = {
				BUNDLE_LOADER = "$(TEST_HOST)";
				FRAMEWORK_SEARCH_PATHS = (
					"$(SDKROOT)/Developer/Library/Frameworks",
					"$(inherited)",
				);
				GCC_PREPROCESSOR_DEFINITIONS = (
					"DEBUG=1",
					"$(inherited)",
				);
				INFOPLIST_FILE = asfsagasgTests/Info.plist;
				LD_RUNPATH_SEARCH_PATHS = "$(inherited) @executable_path/Frameworks @loader_path/Frameworks";
				PRODUCT_NAME = "$(TARGET_NAME)";
				TEST_HOST = "$(BUILT_PRODUCTS_DIR)/asfsagasg.app/asfsagasg";
			};
			name = Debug;
		};
		AB335FFA1A7AC7C600195D84 /* Release */ = {
			isa = XCBuildConfiguration;
			buildSettings = {
				BUNDLE_LOADER = "$(TEST_HOST)";
				FRAMEWORK_SEARCH_PATHS = (
					"$(SDKROOT)/Developer/Library/Frameworks",
					"$(inherited)",
				);
				INFOPLIST_FILE = asfsagasgTests/Info.plist;
				LD_RUNPATH_SEARCH_PATHS = "$(inherited) @executable_path/Frameworks @loader_path/Frameworks";
				PRODUCT_NAME = "$(TARGET_NAME)";
				TEST_HOST = "$(BUILT_PRODUCTS_DIR)/asfsagasg.app/asfsagasg";
			};
			name = Release;
		};
/* End XCBuildConfiguration section */

/* Begin XCConfigurationList section */
		AB335FCC1A7AC7C500195D84 /* Build configuration list for PBXProject "asfsagasg" */ = {
			isa = XCConfigurationList;
			buildConfigurations = (
				AB335FF31A7AC7C600195D84 /* Debug */,
				AB335FF41A7AC7C600195D84 /* Release */,
			);
			defaultConfigurationIsVisible = 0;
			defaultConfigurationName = Release;
		};
		AB335FF51A7AC7C600195D84 /* Build configuration list for PBXNativeTarget "asfsagasg" */ = {
			isa = XCConfigurationList;
			buildConfigurations = (
				AB335FF61A7AC7C600195D84 /* Debug */,
				AB335FF71A7AC7C600195D84 /* Release */,
			);
			defaultConfigurationIsVisible = 0;
		};
		AB335FF81A7AC7C600195D84 /* Build configuration list for PBXNativeTarget "asfsagasgTests" */ = {
			isa = XCConfigurationList;
			buildConfigurations = (
				AB335FF91A7AC7C600195D84 /* Debug */,
				AB335FFA1A7AC7C600195D84 /* Release */,
			);
			defaultConfigurationIsVisible = 0;
		};
/* End XCConfigurationList section */

/* Begin XCVersionGroup section */
		AB335FD81A7AC7C500195D84 /* asfsagasg.xcdatamodeld */ = {
			isa = XCVersionGroup;
			children = (
				AB335FD91A7AC7C500195D84 /* asfsagasg.xcdatamodel */,
			);
			currentVersion = AB335FD91A7AC7C500195D84 /* asfsagasg.xcdatamodel */;
			path = asfsagasg.xcdatamodeld;
			sourceTree = "<group>";
			versionGroupType = wrapper.xcdatamodel;
		};
/* End XCVersionGroup section */
	};
	rootObject = AB335FC91A7AC7C500195D84 /* Project object */;
}
