// !$*UTF8*$!
{
	archiveVersion = 1;
	classes = {
	};
	objectVersion = 46;
	objects = {

/* Begin PBXBuildFile section */
		ABC6E8761A7949F40050B623 /* AppDelegate.swift in Sources */ = {isa = PBXBuildFile; fileRef = ABC6E8751A7949F40050B623 /* AppDelegate.swift */; };
		ABC6E87D1A7949F40050B623 /* Main.storyboard in Resources */ = {isa = PBXBuildFile; fileRef = ABC6E87B1A7949F40050B623 /* Main.storyboard */; };
		ABC6E87F1A7949F40050B623 /* Images.xcassets in Resources */ = {isa = PBXBuildFile; fileRef = ABC6E87E1A7949F40050B623 /* Images.xcassets */; };
		ABC6E8821A7949F40050B623 /* LaunchScreen.xib in Resources */ = {isa = PBXBuildFile; fileRef = ABC6E8801A7949F40050B623 /* LaunchScreen.xib */; };
		ABC6E88E1A7949F40050B623 /* Rose_Hulman_BandwidthTests.swift in Sources */ = {isa = PBXBuildFile; fileRef = ABC6E88D1A7949F40050B623 /* Rose_Hulman_BandwidthTests.swift */; };
		ABC6E89C1A7957160050B623 /* SettingsTableViewController.swift in Sources */ = {isa = PBXBuildFile; fileRef = ABC6E89B1A7957160050B623 /* SettingsTableViewController.swift */; };
		ABC6E8AF1A795F5F0050B623 /* devices.png in Resources */ = {isa = PBXBuildFile; fileRef = ABC6E8A91A795F5F0050B623 /* devices.png */; };
		ABC6E8B01A795F5F0050B623 /* deviceshover.png in Resources */ = {isa = PBXBuildFile; fileRef = ABC6E8AA1A795F5F0050B623 /* deviceshover.png */; };
		ABC6E8B11A795F5F0050B623 /* settings.png in Resources */ = {isa = PBXBuildFile; fileRef = ABC6E8AB1A795F5F0050B623 /* settings.png */; };
		ABC6E8B21A795F5F0050B623 /* settingshover.png in Resources */ = {isa = PBXBuildFile; fileRef = ABC6E8AC1A795F5F0050B623 /* settingshover.png */; };
		ABC6E8B31A795F5F0050B623 /* usage.png in Resources */ = {isa = PBXBuildFile; fileRef = ABC6E8AD1A795F5F0050B623 /* usage.png */; };
		ABC6E8B41A795F5F0050B623 /* usagehover.png in Resources */ = {isa = PBXBuildFile; fileRef = ABC6E8AE1A795F5F0050B623 /* usagehover.png */; };
		ABC6E8B61A7965F30050B623 /* LoginViewController.swift in Sources */ = {isa = PBXBuildFile; fileRef = ABC6E8B51A7965F30050B623 /* LoginViewController.swift */; };
		ABC6E8B81A7966060050B623 /* UsageViewController.swift in Sources */ = {isa = PBXBuildFile; fileRef = ABC6E8B71A7966060050B623 /* UsageViewController.swift */; };
		ABC6E8BA1A79678D0050B623 /* roselogo.png in Resources */ = {isa = PBXBuildFile; fileRef = ABC6E8B91A79678D0050B623 /* roselogo.png */; };
		ABC6E8BD1A79728A0050B623 /* DevicesTableViewController.m in Sources */ = {isa = PBXBuildFile; fileRef = ABC6E8BC1A79728A0050B623 /* DevicesTableViewController.m */; };
/* End PBXBuildFile section */

/* Begin PBXContainerItemProxy section */
		ABC6E8881A7949F40050B623 /* PBXContainerItemProxy */ = {
			isa = PBXContainerItemProxy;
			containerPortal = ABC6E8681A7949F40050B623 /* Project object */;
			proxyType = 1;
			remoteGlobalIDString = ABC6E86F1A7949F40050B623;
			remoteInfo = "Rose-Hulman Bandwidth";
		};
/* End PBXContainerItemProxy section */

/* Begin PBXFileReference section */
		ABC6E8701A7949F40050B623 /* Rose-Hulman Bandwidth.app */ = {isa = PBXFileReference; explicitFileType = wrapper.application; includeInIndex = 0; path = "Rose-Hulman Bandwidth.app"; sourceTree = BUILT_PRODUCTS_DIR; };
		ABC6E8741A7949F40050B623 /* Info.plist */ = {isa = PBXFileReference; lastKnownFileType = text.plist.xml; path = Info.plist; sourceTree = "<group>"; };
		ABC6E8751A7949F40050B623 /* AppDelegate.swift */ = {isa = PBXFileReference; lastKnownFileType = sourcecode.swift; path = AppDelegate.swift; sourceTree = "<group>"; };
		ABC6E87C1A7949F40050B623 /* Base */ = {isa = PBXFileReference; lastKnownFileType = file.storyboard; name = Base; path = Base.lproj/Main.storyboard; sourceTree = "<group>"; };
		ABC6E87E1A7949F40050B623 /* Images.xcassets */ = {isa = PBXFileReference; lastKnownFileType = folder.assetcatalog; path = Images.xcassets; sourceTree = "<group>"; };
		ABC6E8811A7949F40050B623 /* Base */ = {isa = PBXFileReference; lastKnownFileType = file.xib; name = Base; path = Base.lproj/LaunchScreen.xib; sourceTree = "<group>"; };
		ABC6E8871A7949F40050B623 /* Rose-Hulman BandwidthTests.xctest */ = {isa = PBXFileReference; explicitFileType = wrapper.cfbundle; includeInIndex = 0; path = "Rose-Hulman BandwidthTests.xctest"; sourceTree = BUILT_PRODUCTS_DIR; };
		ABC6E88C1A7949F40050B623 /* Info.plist */ = {isa = PBXFileReference; lastKnownFileType = text.plist.xml; path = Info.plist; sourceTree = "<group>"; };
		ABC6E88D1A7949F40050B623 /* Rose_Hulman_BandwidthTests.swift */ = {isa = PBXFileReference; lastKnownFileType = sourcecode.swift; path = Rose_Hulman_BandwidthTests.swift; sourceTree = "<group>"; };
		ABC6E8971A7955820050B623 /* Rose-Hulman Bandwidth-Bridging-Header.h */ = {isa = PBXFileReference; lastKnownFileType = sourcecode.c.h; path = "Rose-Hulman Bandwidth-Bridging-Header.h"; sourceTree = "<group>"; };
		ABC6E89B1A7957160050B623 /* SettingsTableViewController.swift */ = {isa = PBXFileReference; fileEncoding = 4; lastKnownFileType = sourcecode.swift; path = SettingsTableViewController.swift; sourceTree = "<group>"; };
		ABC6E8A91A795F5F0050B623 /* devices.png */ = {isa = PBXFileReference; lastKnownFileType = image.png; path = devices.png; sourceTree = "<group>"; };
		ABC6E8AA1A795F5F0050B623 /* deviceshover.png */ = {isa = PBXFileReference; lastKnownFileType = image.png; path = deviceshover.png; sourceTree = "<group>"; };
		ABC6E8AB1A795F5F0050B623 /* settings.png */ = {isa = PBXFileReference; lastKnownFileType = image.png; path = settings.png; sourceTree = "<group>"; };
		ABC6E8AC1A795F5F0050B623 /* settingshover.png */ = {isa = PBXFileReference; lastKnownFileType = image.png; path = settingshover.png; sourceTree = "<group>"; };
		ABC6E8AD1A795F5F0050B623 /* usage.png */ = {isa = PBXFileReference; lastKnownFileType = image.png; path = usage.png; sourceTree = "<group>"; };
		ABC6E8AE1A795F5F0050B623 /* usagehover.png */ = {isa = PBXFileReference; lastKnownFileType = image.png; path = usagehover.png; sourceTree = "<group>"; };
		ABC6E8B51A7965F30050B623 /* LoginViewController.swift */ = {isa = PBXFileReference; fileEncoding = 4; lastKnownFileType = sourcecode.swift; path = LoginViewController.swift; sourceTree = "<group>"; };
		ABC6E8B71A7966060050B623 /* UsageViewController.swift */ = {isa = PBXFileReference; fileEncoding = 4; lastKnownFileType = sourcecode.swift; name = UsageViewController.swift; path = ../UsageViewController.swift; sourceTree = "<group>"; };
		ABC6E8B91A79678D0050B623 /* roselogo.png */ = {isa = PBXFileReference; lastKnownFileType = image.png; path = roselogo.png; sourceTree = "<group>"; };
		ABC6E8BB1A79728A0050B623 /* DevicesTableViewController.h */ = {isa = PBXFileReference; fileEncoding = 4; lastKnownFileType = sourcecode.c.h; name = DevicesTableViewController.h; path = ../DevicesTableViewController.h; sourceTree = "<group>"; };
		ABC6E8BC1A79728A0050B623 /* DevicesTableViewController.m */ = {isa = PBXFileReference; fileEncoding = 4; lastKnownFileType = sourcecode.c.objc; name = DevicesTableViewController.m; path = ../DevicesTableViewController.m; sourceTree = "<group>"; };
/* End PBXFileReference section */

/* Begin PBXFrameworksBuildPhase section */
		ABC6E86D1A7949F40050B623 /* Frameworks */ = {
			isa = PBXFrameworksBuildPhase;
			buildActionMask = 2147483647;
			files = (
			);
			runOnlyForDeploymentPostprocessing = 0;
		};
		ABC6E8841A7949F40050B623 /* Frameworks */ = {
			isa = PBXFrameworksBuildPhase;
			buildActionMask = 2147483647;
			files = (
			);
			runOnlyForDeploymentPostprocessing = 0;
		};
/* End PBXFrameworksBuildPhase section */

/* Begin PBXGroup section */
		ABC6E8671A7949F40050B623 = {
			isa = PBXGroup;
			children = (
				ABC6E8721A7949F40050B623 /* Rose-Hulman Bandwidth */,
				ABC6E88A1A7949F40050B623 /* Rose-Hulman BandwidthTests */,
				ABC6E8711A7949F40050B623 /* Products */,
			);
			sourceTree = "<group>";
		};
		ABC6E8711A7949F40050B623 /* Products */ = {
			isa = PBXGroup;
			children = (
				ABC6E8701A7949F40050B623 /* Rose-Hulman Bandwidth.app */,
				ABC6E8871A7949F40050B623 /* Rose-Hulman BandwidthTests.xctest */,
			);
			name = Products;
			sourceTree = "<group>";
		};
		ABC6E8721A7949F40050B623 /* Rose-Hulman Bandwidth */ = {
			isa = PBXGroup;
			children = (
				ABC6E8BB1A79728A0050B623 /* DevicesTableViewController.h */,
				ABC6E8BC1A79728A0050B623 /* DevicesTableViewController.m */,
				ABC6E8B71A7966060050B623 /* UsageViewController.swift */,
				ABC6E8751A7949F40050B623 /* AppDelegate.swift */,
				ABC6E89B1A7957160050B623 /* SettingsTableViewController.swift */,
				ABC6E87B1A7949F40050B623 /* Main.storyboard */,
				ABC6E8B51A7965F30050B623 /* LoginViewController.swift */,
				ABC6E87E1A7949F40050B623 /* Images.xcassets */,
				ABC6E8801A7949F40050B623 /* LaunchScreen.xib */,
				ABC6E8731A7949F40050B623 /* Supporting Files */,
				ABC6E8971A7955820050B623 /* Rose-Hulman Bandwidth-Bridging-Header.h */,
			);
			path = "Rose-Hulman Bandwidth";
			sourceTree = "<group>";
		};
		ABC6E8731A7949F40050B623 /* Supporting Files */ = {
			isa = PBXGroup;
			children = (
				ABC6E8B91A79678D0050B623 /* roselogo.png */,
				ABC6E8A91A795F5F0050B623 /* devices.png */,
				ABC6E8AA1A795F5F0050B623 /* deviceshover.png */,
				ABC6E8AB1A795F5F0050B623 /* settings.png */,
				ABC6E8AC1A795F5F0050B623 /* settingshover.png */,
				ABC6E8AD1A795F5F0050B623 /* usage.png */,
				ABC6E8AE1A795F5F0050B623 /* usagehover.png */,
				ABC6E8741A7949F40050B623 /* Info.plist */,
			);
			name = "Supporting Files";
			sourceTree = "<group>";
		};
		ABC6E88A1A7949F40050B623 /* Rose-Hulman BandwidthTests */ = {
			isa = PBXGroup;
			children = (
				ABC6E88D1A7949F40050B623 /* Rose_Hulman_BandwidthTests.swift */,
				ABC6E88B1A7949F40050B623 /* Supporting Files */,
			);
			path = "Rose-Hulman BandwidthTests";
			sourceTree = "<group>";
		};
		ABC6E88B1A7949F40050B623 /* Supporting Files */ = {
			isa = PBXGroup;
			children = (
				ABC6E88C1A7949F40050B623 /* Info.plist */,
			);
			name = "Supporting Files";
			sourceTree = "<group>";
		};
/* End PBXGroup section */

/* Begin PBXNativeTarget section */
		ABC6E86F1A7949F40050B623 /* Rose-Hulman Bandwidth */ = {
			isa = PBXNativeTarget;
			buildConfigurationList = ABC6E8911A7949F40050B623 /* Build configuration list for PBXNativeTarget "Rose-Hulman Bandwidth" */;
			buildPhases = (
				ABC6E86C1A7949F40050B623 /* Sources */,
				ABC6E86D1A7949F40050B623 /* Frameworks */,
				ABC6E86E1A7949F40050B623 /* Resources */,
			);
			buildRules = (
			);
			dependencies = (
			);
			name = "Rose-Hulman Bandwidth";
			productName = "Rose-Hulman Bandwidth";
			productReference = ABC6E8701A7949F40050B623 /* Rose-Hulman Bandwidth.app */;
			productType = "com.apple.product-type.application";
		};
		ABC6E8861A7949F40050B623 /* Rose-Hulman BandwidthTests */ = {
			isa = PBXNativeTarget;
			buildConfigurationList = ABC6E8941A7949F40050B623 /* Build configuration list for PBXNativeTarget "Rose-Hulman BandwidthTests" */;
			buildPhases = (
				ABC6E8831A7949F40050B623 /* Sources */,
				ABC6E8841A7949F40050B623 /* Frameworks */,
				ABC6E8851A7949F40050B623 /* Resources */,
			);
			buildRules = (
			);
			dependencies = (
				ABC6E8891A7949F40050B623 /* PBXTargetDependency */,
			);
			name = "Rose-Hulman BandwidthTests";
			productName = "Rose-Hulman BandwidthTests";
			productReference = ABC6E8871A7949F40050B623 /* Rose-Hulman BandwidthTests.xctest */;
			productType = "com.apple.product-type.bundle.unit-test";
		};
/* End PBXNativeTarget section */

/* Begin PBXProject section */
		ABC6E8681A7949F40050B623 /* Project object */ = {
			isa = PBXProject;
			attributes = {
				LastUpgradeCheck = 0610;
				ORGANIZATIONNAME = "Jonathan Jungck and Anthony Minardo";
				TargetAttributes = {
					ABC6E86F1A7949F40050B623 = {
						CreatedOnToolsVersion = 6.1.1;
					};
					ABC6E8861A7949F40050B623 = {
						CreatedOnToolsVersion = 6.1.1;
						TestTargetID = ABC6E86F1A7949F40050B623;
					};
				};
			};
			buildConfigurationList = ABC6E86B1A7949F40050B623 /* Build configuration list for PBXProject "Rose-Hulman Bandwidth" */;
			compatibilityVersion = "Xcode 3.2";
			developmentRegion = English;
			hasScannedForEncodings = 0;
			knownRegions = (
				en,
				Base,
			);
			mainGroup = ABC6E8671A7949F40050B623;
			productRefGroup = ABC6E8711A7949F40050B623 /* Products */;
			projectDirPath = "";
			projectRoot = "";
			targets = (
				ABC6E86F1A7949F40050B623 /* Rose-Hulman Bandwidth */,
				ABC6E8861A7949F40050B623 /* Rose-Hulman BandwidthTests */,
			);
		};
/* End PBXProject section */

/* Begin PBXResourcesBuildPhase section */
		ABC6E86E1A7949F40050B623 /* Resources */ = {
			isa = PBXResourcesBuildPhase;
			buildActionMask = 2147483647;
			files = (
				ABC6E8B41A795F5F0050B623 /* usagehover.png in Resources */,
				ABC6E8BA1A79678D0050B623 /* roselogo.png in Resources */,
				ABC6E8B11A795F5F0050B623 /* settings.png in Resources */,
				ABC6E8B31A795F5F0050B623 /* usage.png in Resources */,
				ABC6E87D1A7949F40050B623 /* Main.storyboard in Resources */,
				ABC6E8AF1A795F5F0050B623 /* devices.png in Resources */,
				ABC6E8B21A795F5F0050B623 /* settingshover.png in Resources */,
				ABC6E8B01A795F5F0050B623 /* deviceshover.png in Resources */,
				ABC6E8821A7949F40050B623 /* LaunchScreen.xib in Resources */,
				ABC6E87F1A7949F40050B623 /* Images.xcassets in Resources */,
			);
			runOnlyForDeploymentPostprocessing = 0;
		};
		ABC6E8851A7949F40050B623 /* Resources */ = {
			isa = PBXResourcesBuildPhase;
			buildActionMask = 2147483647;
			files = (
			);
			runOnlyForDeploymentPostprocessing = 0;
		};
/* End PBXResourcesBuildPhase section */

/* Begin PBXSourcesBuildPhase section */
		ABC6E86C1A7949F40050B623 /* Sources */ = {
			isa = PBXSourcesBuildPhase;
			buildActionMask = 2147483647;
			files = (
				ABC6E8BD1A79728A0050B623 /* DevicesTableViewController.m in Sources */,
				ABC6E89C1A7957160050B623 /* SettingsTableViewController.swift in Sources */,
				ABC6E8761A7949F40050B623 /* AppDelegate.swift in Sources */,
				ABC6E8B61A7965F30050B623 /* LoginViewController.swift in Sources */,
				ABC6E8B81A7966060050B623 /* UsageViewController.swift in Sources */,
			);
			runOnlyForDeploymentPostprocessing = 0;
		};
		ABC6E8831A7949F40050B623 /* Sources */ = {
			isa = PBXSourcesBuildPhase;
			buildActionMask = 2147483647;
			files = (
				ABC6E88E1A7949F40050B623 /* Rose_Hulman_BandwidthTests.swift in Sources */,
			);
			runOnlyForDeploymentPostprocessing = 0;
		};
/* End PBXSourcesBuildPhase section */

/* Begin PBXTargetDependency section */
		ABC6E8891A7949F40050B623 /* PBXTargetDependency */ = {
			isa = PBXTargetDependency;
			target = ABC6E86F1A7949F40050B623 /* Rose-Hulman Bandwidth */;
			targetProxy = ABC6E8881A7949F40050B623 /* PBXContainerItemProxy */;
		};
/* End PBXTargetDependency section */

/* Begin PBXVariantGroup section */
		ABC6E87B1A7949F40050B623 /* Main.storyboard */ = {
			isa = PBXVariantGroup;
			children = (
				ABC6E87C1A7949F40050B623 /* Base */,
			);
			name = Main.storyboard;
			sourceTree = "<group>";
		};
		ABC6E8801A7949F40050B623 /* LaunchScreen.xib */ = {
			isa = PBXVariantGroup;
			children = (
				ABC6E8811A7949F40050B623 /* Base */,
			);
			name = LaunchScreen.xib;
			sourceTree = "<group>";
		};
/* End PBXVariantGroup section */

/* Begin XCBuildConfiguration section */
		ABC6E88F1A7949F40050B623 /* Debug */ = {
			isa = XCBuildConfiguration;
			buildSettings = {
				ALWAYS_SEARCH_USER_PATHS = NO;
				CLANG_CXX_LANGUAGE_STANDARD = "gnu++0x";
				CLANG_CXX_LIBRARY = "libc++";
				CLANG_ENABLE_MODULES = YES;
				CLANG_ENABLE_OBJC_ARC = YES;
				CLANG_WARN_BOOL_CONVERSION = YES;
				CLANG_WARN_CONSTANT_CONVERSION = YES;
				CLANG_WARN_DIRECT_OBJC_ISA_USAGE = YES_ERROR;
				CLANG_WARN_EMPTY_BODY = YES;
				CLANG_WARN_ENUM_CONVERSION = YES;
				CLANG_WARN_INT_CONVERSION = YES;
				CLANG_WARN_OBJC_ROOT_CLASS = YES_ERROR;
				CLANG_WARN_UNREACHABLE_CODE = YES;
				CLANG_WARN__DUPLICATE_METHOD_MATCH = YES;
				"CODE_SIGN_IDENTITY[sdk=iphoneos*]" = "iPhone Developer";
				COPY_PHASE_STRIP = NO;
				ENABLE_STRICT_OBJC_MSGSEND = YES;
				GCC_C_LANGUAGE_STANDARD = gnu99;
				GCC_DYNAMIC_NO_PIC = NO;
				GCC_OPTIMIZATION_LEVEL = 0;
				GCC_PREPROCESSOR_DEFINITIONS = (
					"DEBUG=1",
					"$(inherited)",
				);
				GCC_SYMBOLS_PRIVATE_EXTERN = NO;
				GCC_WARN_64_TO_32_BIT_CONVERSION = YES;
				GCC_WARN_ABOUT_RETURN_TYPE = YES_ERROR;
				GCC_WARN_UNDECLARED_SELECTOR = YES;
				GCC_WARN_UNINITIALIZED_AUTOS = YES_AGGRESSIVE;
				GCC_WARN_UNUSED_FUNCTION = YES;
				GCC_WARN_UNUSED_VARIABLE = YES;
				IPHONEOS_DEPLOYMENT_TARGET = 8.1;
				MTL_ENABLE_DEBUG_INFO = YES;
				ONLY_ACTIVE_ARCH = YES;
				SDKROOT = iphoneos;
				SWIFT_OPTIMIZATION_LEVEL = "-Onone";
				TARGETED_DEVICE_FAMILY = "1,2";
			};
			name = Debug;
		};
		ABC6E8901A7949F40050B623 /* Release */ = {
			isa = XCBuildConfiguration;
			buildSettings = {
				ALWAYS_SEARCH_USER_PATHS = NO;
				CLANG_CXX_LANGUAGE_STANDARD = "gnu++0x";
				CLANG_CXX_LIBRARY = "libc++";
				CLANG_ENABLE_MODULES = YES;
				CLANG_ENABLE_OBJC_ARC = YES;
				CLANG_WARN_BOOL_CONVERSION = YES;
				CLANG_WARN_CONSTANT_CONVERSION = YES;
				CLANG_WARN_DIRECT_OBJC_ISA_USAGE = YES_ERROR;
				CLANG_WARN_EMPTY_BODY = YES;
				CLANG_WARN_ENUM_CONVERSION = YES;
				CLANG_WARN_INT_CONVERSION = YES;
				CLANG_WARN_OBJC_ROOT_CLASS = YES_ERROR;
				CLANG_WARN_UNREACHABLE_CODE = YES;
				CLANG_WARN__DUPLICATE_METHOD_MATCH = YES;
				"CODE_SIGN_IDENTITY[sdk=iphoneos*]" = "iPhone Developer";
				COPY_PHASE_STRIP = YES;
				ENABLE_NS_ASSERTIONS = NO;
				ENABLE_STRICT_OBJC_MSGSEND = YES;
				GCC_C_LANGUAGE_STANDARD = gnu99;
				GCC_WARN_64_TO_32_BIT_CONVERSION = YES;
				GCC_WARN_ABOUT_RETURN_TYPE = YES_ERROR;
				GCC_WARN_UNDECLARED_SELECTOR = YES;
				GCC_WARN_UNINITIALIZED_AUTOS = YES_AGGRESSIVE;
				GCC_WARN_UNUSED_FUNCTION = YES;
				GCC_WARN_UNUSED_VARIABLE = YES;
				IPHONEOS_DEPLOYMENT_TARGET = 8.1;
				MTL_ENABLE_DEBUG_INFO = NO;
				SDKROOT = iphoneos;
				TARGETED_DEVICE_FAMILY = "1,2";
				VALIDATE_PRODUCT = YES;
			};
			name = Release;
		};
		ABC6E8921A7949F40050B623 /* Debug */ = {
			isa = XCBuildConfiguration;
			buildSettings = {
				ASSETCATALOG_COMPILER_APPICON_NAME = AppIcon;
				CLANG_ENABLE_MODULES = YES;
				INFOPLIST_FILE = "Rose-Hulman Bandwidth/Info.plist";
				LD_RUNPATH_SEARCH_PATHS = "$(inherited) @executable_path/Frameworks";
				PRODUCT_NAME = "$(TARGET_NAME)";
				SWIFT_OBJC_BRIDGING_HEADER = "Rose-Hulman Bandwidth/Rose-Hulman Bandwidth-Bridging-Header.h";
				SWIFT_OPTIMIZATION_LEVEL = "-Onone";
				TARGETED_DEVICE_FAMILY = "1,2";
			};
			name = Debug;
		};
		ABC6E8931A7949F40050B623 /* Release */ = {
			isa = XCBuildConfiguration;
			buildSettings = {
				ASSETCATALOG_COMPILER_APPICON_NAME = AppIcon;
				CLANG_ENABLE_MODULES = YES;
				INFOPLIST_FILE = "Rose-Hulman Bandwidth/Info.plist";
				LD_RUNPATH_SEARCH_PATHS = "$(inherited) @executable_path/Frameworks";
				PRODUCT_NAME = "$(TARGET_NAME)";
				SWIFT_OBJC_BRIDGING_HEADER = "Rose-Hulman Bandwidth/Rose-Hulman Bandwidth-Bridging-Header.h";
				TARGETED_DEVICE_FAMILY = "1,2";
			};
			name = Release;
		};
		ABC6E8951A7949F40050B623 /* Debug */ = {
			isa = XCBuildConfiguration;
			buildSettings = {
				BUNDLE_LOADER = "$(TEST_HOST)";
				FRAMEWORK_SEARCH_PATHS = (
					"$(SDKROOT)/Developer/Library/Frameworks",
					"$(inherited)",
				);
				GCC_PREPROCESSOR_DEFINITIONS = (
					"DEBUG=1",
					"$(inherited)",
				);
				INFOPLIST_FILE = "Rose-Hulman BandwidthTests/Info.plist";
				LD_RUNPATH_SEARCH_PATHS = "$(inherited) @executable_path/Frameworks @loader_path/Frameworks";
				PRODUCT_NAME = "$(TARGET_NAME)";
				TEST_HOST = "$(BUILT_PRODUCTS_DIR)/Rose-Hulman Bandwidth.app/Rose-Hulman Bandwidth";
			};
			name = Debug;
		};
		ABC6E8961A7949F40050B623 /* Release */ = {
			isa = XCBuildConfiguration;
			buildSettings = {
				BUNDLE_LOADER = "$(TEST_HOST)";
				FRAMEWORK_SEARCH_PATHS = (
					"$(SDKROOT)/Developer/Library/Frameworks",
					"$(inherited)",
				);
				INFOPLIST_FILE = "Rose-Hulman BandwidthTests/Info.plist";
				LD_RUNPATH_SEARCH_PATHS = "$(inherited) @executable_path/Frameworks @loader_path/Frameworks";
				PRODUCT_NAME = "$(TARGET_NAME)";
				TEST_HOST = "$(BUILT_PRODUCTS_DIR)/Rose-Hulman Bandwidth.app/Rose-Hulman Bandwidth";
			};
			name = Release;
		};
/* End XCBuildConfiguration section */

/* Begin XCConfigurationList section */
		ABC6E86B1A7949F40050B623 /* Build configuration list for PBXProject "Rose-Hulman Bandwidth" */ = {
			isa = XCConfigurationList;
			buildConfigurations = (
				ABC6E88F1A7949F40050B623 /* Debug */,
				ABC6E8901A7949F40050B623 /* Release */,
			);
			defaultConfigurationIsVisible = 0;
			defaultConfigurationName = Release;
		};
		ABC6E8911A7949F40050B623 /* Build configuration list for PBXNativeTarget "Rose-Hulman Bandwidth" */ = {
			isa = XCConfigurationList;
			buildConfigurations = (
				ABC6E8921A7949F40050B623 /* Debug */,
				ABC6E8931A7949F40050B623 /* Release */,
			);
			defaultConfigurationIsVisible = 0;
		};
		ABC6E8941A7949F40050B623 /* Build configuration list for PBXNativeTarget "Rose-Hulman BandwidthTests" */ = {
			isa = XCConfigurationList;
			buildConfigurations = (
				ABC6E8951A7949F40050B623 /* Debug */,
				ABC6E8961A7949F40050B623 /* Release */,
			);
			defaultConfigurationIsVisible = 0;
		};
/* End XCConfigurationList section */
	};
	rootObject = ABC6E8681A7949F40050B623 /* Project object */;
}
